
Microsoft Visual Studio Solution File, Format Version 12.00
Project("{FAE04EC0-301F-11D3-BF4B-00C04F79EFBC}") = "TwoSum.Tests", "TwoSum.Tests\TwoSum.Tests.csproj", "{2B6569A8-36C8-4FCB-B094-CEAE95F4873F}"
EndProject
Global
	GlobalSection(SolutionConfigurationPlatforms) = preSolution
		Debug|Any CPU = Debug|Any CPU
		Release|Any CPU = Release|Any CPU
	EndGlobalSection
	GlobalSection(ProjectConfigurationPlatforms) = postSolution
		{2B6569A8-36C8-4FCB-B094-CEAE95F4873F}.Debug|Any CPU.ActiveCfg = Debug|Any CPU
		{2B6569A8-36C8-4FCB-B094-CEAE95F4873F}.Debug|Any CPU.Build.0 = Debug|Any CPU
		{2B6569A8-36C8-4FCB-B094-CEAE95F4873F}.Release|Any CPU.ActiveCfg = Release|Any CPU
		{2B6569A8-36C8-4FCB-B094-CEAE95F4873F}.Release|Any CPU.Build.0 = Release|Any CPU
	EndGlobalSection
EndGlobal
